
Microsoft Visual Studio Solution File, Format Version 12.00
# Visual Studio Version 17
VisualStudioVersion = 17.0.31903.59
MinimumVisualStudioVersion = 10.0.40219.1
Project("{2150E333-8FDC-42A3-9474-1A3956D46DE8}") = "src", "src", "{827E0CD3-B72D-47B6-A68D-7590B98EB39B}"
EndProject
Project("{FAE04EC0-301F-11D3-BF4B-00C04F79EFBC}") = "StackErp.Api", "src\StackErp.Api\StackErp.Api.csproj", "{134AB798-90A8-484E-AC7A-842267B5F797}"
EndProject
Project("{FAE04EC0-301F-11D3-BF4B-00C04F79EFBC}") = "StackErp.Domain", "src\StackErp.Domain\StackErp.Domain.csproj", "{B2DFE644-F758-405B-96C7-58B899A8740A}"
EndProject
Project("{FAE04EC0-301F-11D3-BF4B-00C04F79EFBC}") = "StackErp.Application", "src\StackErp.Application\StackErp.Application.csproj", "{EDC4FE9F-AD5D-4E94-82DE-4C1B66E6E6B6}"
EndProject
Project("{FAE04EC0-301F-11D3-BF4B-00C04F79EFBC}") = "StackErp.Infrastructure", "src\StackErp.Infrastructure\StackErp.Infrastructure.csproj", "{823FBCC5-A494-4C0F-BA4D-9C95FB1C796B}"
EndProject
Global
	GlobalSection(SolutionConfigurationPlatforms) = preSolution
		Debug|Any CPU = Debug|Any CPU
		Debug|x64 = Debug|x64
		Debug|x86 = Debug|x86
		Release|Any CPU = Release|Any CPU
		Release|x64 = Release|x64
		Release|x86 = Release|x86
	EndGlobalSection
	GlobalSection(ProjectConfigurationPlatforms) = postSolution
		{134AB798-90A8-484E-AC7A-842267B5F797}.Debug|Any CPU.ActiveCfg = Debug|Any CPU
		{134AB798-90A8-484E-AC7A-842267B5F797}.Debug|Any CPU.Build.0 = Debug|Any CPU
		{134AB798-90A8-484E-AC7A-842267B5F797}.Debug|x64.ActiveCfg = Debug|Any CPU
		{134AB798-90A8-484E-AC7A-842267B5F797}.Debug|x64.Build.0 = Debug|Any CPU
		{134AB798-90A8-484E-AC7A-842267B5F797}.Debug|x86.ActiveCfg = Debug|Any CPU
		{134AB798-90A8-484E-AC7A-842267B5F797}.Debug|x86.Build.0 = Debug|Any CPU
		{134AB798-90A8-484E-AC7A-842267B5F797}.Release|Any CPU.ActiveCfg = Release|Any CPU
		{134AB798-90A8-484E-AC7A-842267B5F797}.Release|Any CPU.Build.0 = Release|Any CPU
		{134AB798-90A8-484E-AC7A-842267B5F797}.Release|x64.ActiveCfg = Release|Any CPU
		{134AB798-90A8-484E-AC7A-842267B5F797}.Release|x64.Build.0 = Release|Any CPU
		{134AB798-90A8-484E-AC7A-842267B5F797}.Release|x86.ActiveCfg = Release|Any CPU
		{134AB798-90A8-484E-AC7A-842267B5F797}.Release|x86.Build.0 = Release|Any CPU
		{B2DFE644-F758-405B-96C7-58B899A8740A}.Debug|Any CPU.ActiveCfg = Debug|Any CPU
		{B2DFE644-F758-405B-96C7-58B899A8740A}.Debug|Any CPU.Build.0 = Debug|Any CPU
		{B2DFE644-F758-405B-96C7-58B899A8740A}.Debug|x64.ActiveCfg = Debug|Any CPU
		{B2DFE644-F758-405B-96C7-58B899A8740A}.Debug|x64.Build.0 = Debug|Any CPU
		{B2DFE644-F758-405B-96C7-58B899A8740A}.Debug|x86.ActiveCfg = Debug|Any CPU
		{B2DFE644-F758-405B-96C7-58B899A8740A}.Debug|x86.Build.0 = Debug|Any CPU
		{B2DFE644-F758-405B-96C7-58B899A8740A}.Release|Any CPU.ActiveCfg = Release|Any CPU
		{B2DFE644-F758-405B-96C7-58B899A8740A}.Release|Any CPU.Build.0 = Release|Any CPU
		{B2DFE644-F758-405B-96C7-58B899A8740A}.Release|x64.ActiveCfg = Release|Any CPU
		{B2DFE644-F758-405B-96C7-58B899A8740A}.Release|x64.Build.0 = Release|Any CPU
		{B2DFE644-F758-405B-96C7-58B899A8740A}.Release|x86.ActiveCfg = Release|Any CPU
		{B2DFE644-F758-405B-96C7-58B899A8740A}.Release|x86.Build.0 = Release|Any CPU
		{EDC4FE9F-AD5D-4E94-82DE-4C1B66E6E6B6}.Debug|Any CPU.ActiveCfg = Debug|Any CPU
		{EDC4FE9F-AD5D-4E94-82DE-4C1B66E6E6B6}.Debug|Any CPU.Build.0 = Debug|Any CPU
		{EDC4FE9F-AD5D-4E94-82DE-4C1B66E6E6B6}.Debug|x64.ActiveCfg = Debug|Any CPU
		{EDC4FE9F-AD5D-4E94-82DE-4C1B66E6E6B6}.Debug|x64.Build.0 = Debug|Any CPU
		{EDC4FE9F-AD5D-4E94-82DE-4C1B66E6E6B6}.Debug|x86.ActiveCfg = Debug|Any CPU
		{EDC4FE9F-AD5D-4E94-82DE-4C1B66E6E6B6}.Debug|x86.Build.0 = Debug|Any CPU
		{EDC4FE9F-AD5D-4E94-82DE-4C1B66E6E6B6}.Release|Any CPU.ActiveCfg = Release|Any CPU
		{EDC4FE9F-AD5D-4E94-82DE-4C1B66E6E6B6}.Release|Any CPU.Build.0 = Release|Any CPU
		{EDC4FE9F-AD5D-4E94-82DE-4C1B66E6E6B6}.Release|x64.ActiveCfg = Release|Any CPU
		{EDC4FE9F-AD5D-4E94-82DE-4C1B66E6E6B6}.Release|x64.Build.0 = Release|Any CPU
		{EDC4FE9F-AD5D-4E94-82DE-4C1B66E6E6B6}.Release|x86.ActiveCfg = Release|Any CPU
		{EDC4FE9F-AD5D-4E94-82DE-4C1B66E6E6B6}.Release|x86.Build.0 = Release|Any CPU
		{823FBCC5-A494-4C0F-BA4D-9C95FB1C796B}.Debug|Any CPU.ActiveCfg = Debug|Any CPU
		{823FBCC5-A494-4C0F-BA4D-9C95FB1C796B}.Debug|Any CPU.Build.0 = Debug|Any CPU
		{823FBCC5-A494-4C0F-BA4D-9C95FB1C796B}.Debug|x64.ActiveCfg = Debug|Any CPU
		{823FBCC5-A494-4C0F-BA4D-9C95FB1C796B}.Debug|x64.Build.0 = Debug|Any CPU
		{823FBCC5-A494-4C0F-BA4D-9C95FB1C796B}.Debug|x86.ActiveCfg = Debug|Any CPU
		{823FBCC5-A494-4C0F-BA4D-9C95FB1C796B}.Debug|x86.Build.0 = Debug|Any CPU
		{823FBCC5-A494-4C0F-BA4D-9C95FB1C796B}.Release|Any CPU.ActiveCfg = Release|Any CPU
		{823FBCC5-A494-4C0F-BA4D-9C95FB1C796B}.Release|Any CPU.Build.0 = Release|Any CPU
		{823FBCC5-A494-4C0F-BA4D-9C95FB1C796B}.Release|x64.ActiveCfg = Release|Any CPU
		{823FBCC5-A494-4C0F-BA4D-9C95FB1C796B}.Release|x64.Build.0 = Release|Any CPU
		{823FBCC5-A494-4C0F-BA4D-9C95FB1C796B}.Release|x86.ActiveCfg = Release|Any CPU
		{823FBCC5-A494-4C0F-BA4D-9C95FB1C796B}.Release|x86.Build.0 = Release|Any CPU
	EndGlobalSection
	GlobalSection(SolutionProperties) = preSolution
		HideSolutionNode = FALSE
	EndGlobalSection
	GlobalSection(NestedProjects) = preSolution
		{134AB798-90A8-484E-AC7A-842267B5F797} = {827E0CD3-B72D-47B6-A68D-7590B98EB39B}
		{B2DFE644-F758-405B-96C7-58B899A8740A} = {827E0CD3-B72D-47B6-A68D-7590B98EB39B}
		{EDC4FE9F-AD5D-4E94-82DE-4C1B66E6E6B6} = {827E0CD3-B72D-47B6-A68D-7590B98EB39B}
		{823FBCC5-A494-4C0F-BA4D-9C95FB1C796B} = {827E0CD3-B72D-47B6-A68D-7590B98EB39B}
	EndGlobalSection
EndGlobal
